
Microsoft Visual Studio Solution File, Format Version 12.00
# Visual Studio 14
VisualStudioVersion = 14.0.25123.0
MinimumVisualStudioVersion = 10.0.40219.1
Project("{FAE04EC0-301F-11D3-BF4B-00C04F79EFBC}") = "TestProject", "ALM_DEMO\TestProject.csproj", "{C4D49245-26AC-4D4D-A898-F91B7FB97F54}"
EndProject
Project("{FAE04EC0-301F-11D3-BF4B-00C04F79EFBC}") = "UnitTestProject.Tests", "UnitTestProject.Tests\UnitTestProject.Tests.csproj", "{5F57C192-EB5F-4342-8B61-64BF15B631C9}"
EndProject
Global
	GlobalSection(SolutionConfigurationPlatforms) = preSolution
		Debug|Any CPU = Debug|Any CPU
		Release|Any CPU = Release|Any CPU
	EndGlobalSection
	GlobalSection(ProjectConfigurationPlatforms) = postSolution
		{C4D49245-26AC-4D4D-A898-F91B7FB97F54}.Debug|Any CPU.ActiveCfg = Debug|Any CPU
		{C4D49245-26AC-4D4D-A898-F91B7FB97F54}.Debug|Any CPU.Build.0 = Debug|Any CPU
		{C4D49245-26AC-4D4D-A898-F91B7FB97F54}.Release|Any CPU.ActiveCfg = Release|Any CPU
		{C4D49245-26AC-4D4D-A898-F91B7FB97F54}.Release|Any CPU.Build.0 = Release|Any CPU
		{5F57C192-EB5F-4342-8B61-64BF15B631C9}.Debug|Any CPU.ActiveCfg = Debug|Any CPU
		{5F57C192-EB5F-4342-8B61-64BF15B631C9}.Debug|Any CPU.Build.0 = Debug|Any CPU
		{5F57C192-EB5F-4342-8B61-64BF15B631C9}.Release|Any CPU.ActiveCfg = Release|Any CPU
		{5F57C192-EB5F-4342-8B61-64BF15B631C9}.Release|Any CPU.Build.0 = Release|Any CPU
	EndGlobalSection
	GlobalSection(SolutionProperties) = preSolution
		HideSolutionNode = FALSE
	EndGlobalSection
EndGlobal
